
Microsoft Visual Studio Solution File, Format Version 12.00
# Visual Studio Version 17
VisualStudioVersion = 17.9.34622.214
MinimumVisualStudioVersion = 10.0.40219.1
Project("{9A19103F-16F7-4668-BE54-9A1E7A4F7556}") = "MovieReviewApp", "MovieCommentateApp\MovieReviewApp.csproj", "{4A2BC576-9B16-4DFF-90F1-16254EE40270}"
EndProject
Global
	GlobalSection(SolutionConfigurationPlatforms) = preSolution
		Debug|Any CPU = Debug|Any CPU
		Release|Any CPU = Release|Any CPU
	EndGlobalSection
	GlobalSection(ProjectConfigurationPlatforms) = postSolution
		{4A2BC576-9B16-4DFF-90F1-16254EE40270}.Debug|Any CPU.ActiveCfg = Debug|Any CPU
		{4A2BC576-9B16-4DFF-90F1-16254EE40270}.Debug|Any CPU.Build.0 = Debug|Any CPU
		{4A2BC576-9B16-4DFF-90F1-16254EE40270}.Release|Any CPU.ActiveCfg = Release|Any CPU
		{4A2BC576-9B16-4DFF-90F1-16254EE40270}.Release|Any CPU.Build.0 = Release|Any CPU
	EndGlobalSection
	GlobalSection(SolutionProperties) = preSolution
		HideSolutionNode = FALSE
	EndGlobalSection
	GlobalSection(ExtensibilityGlobals) = postSolution
		SolutionGuid = {35D5C8AF-BCE6-4BDE-A7B4-8449C7AB2C89}
	EndGlobalSection
EndGlobal
